---
sources:
- type: git
  name: ruby/gem_rbs_collection
  revision: 267dd270bb5aabcc1e21c87f44360f0680a8501c
  remote: https://github.com/ruby/gem_rbs_collection.git
  repo_dir: gems
path: ".gem_rbs_collection"
gems:
- name: cgi
  version: '0'
  source:
    type: stdlib
- name: erb
  version: '0'
  source:
    type: stdlib
- name: tempfile
  version: '0'
  source:
    type: stdlib
gemfile_lock_path: Gemfile.lock
